
Microsoft Visual Studio Solution File, Format Version 12.00
# Visual Studio Version 16
VisualStudioVersion = 16.0.29326.143
MinimumVisualStudioVersion = 10.0.40219.1
Project("{D954291E-2A0B-460D-934E-DC6B0785DB48}") = "EOSKeygen.Shared", "EOSKeygen\EOSKeygen.Shared\EOSKeygen.Shared.shproj", "{6279C845-92F8-4333-AB99-3D213163593C}"
EndProject
Project("{FAE04EC0-301F-11D3-BF4B-00C04F79EFBC}") = "EOSKeygen.Droid", "EOSKeygen\EOSKeygen.Droid\EOSKeygen.Droid.csproj", "{35F73C21-D794-43DB-8624-B747B9DE9086}"
EndProject
Project("{FAE04EC0-301F-11D3-BF4B-00C04F79EFBC}") = "EOSKeygen.iOS", "EOSKeygen\EOSKeygen.iOS\EOSKeygen.iOS.csproj", "{88A49FE5-920E-4E64-9B45-4C354855244B}"
EndProject
Project("{FAE04EC0-301F-11D3-BF4B-00C04F79EFBC}") = "EOSKeygen.UWP", "EOSKeygen\EOSKeygen.UWP\EOSKeygen.UWP.csproj", "{3192F9D5-B987-4274-97B1-939626333C1E}"
EndProject
Project("{FAE04EC0-301F-11D3-BF4B-00C04F79EFBC}") = "EOSKeygen.Wasm", "EOSKeygen\EOSKeygen.Wasm\EOSKeygen.Wasm.csproj", "{A649A449-3894-4327-8FB9-FABD845FDD28}"
EndProject
Global
	GlobalSection(SharedMSBuildProjectFiles) = preSolution
		EOSKeygen\EOSKeygen.Shared\EOSKeygen.Shared.projitems*{3192f9d5-b987-4274-97b1-939626333c1e}*SharedItemsImports = 4
		EOSKeygen\EOSKeygen.Shared\EOSKeygen.Shared.projitems*{6279c845-92f8-4333-ab99-3d213163593c}*SharedItemsImports = 13
	EndGlobalSection
	GlobalSection(SolutionConfigurationPlatforms) = preSolution
		Ad-Hoc|Any CPU = Ad-Hoc|Any CPU
		Ad-Hoc|ARM = Ad-Hoc|ARM
		Ad-Hoc|iPhone = Ad-Hoc|iPhone
		Ad-Hoc|iPhoneSimulator = Ad-Hoc|iPhoneSimulator
		Ad-Hoc|x64 = Ad-Hoc|x64
		Ad-Hoc|x86 = Ad-Hoc|x86
		AppStore|Any CPU = AppStore|Any CPU
		AppStore|ARM = AppStore|ARM
		AppStore|iPhone = AppStore|iPhone
		AppStore|iPhoneSimulator = AppStore|iPhoneSimulator
		AppStore|x64 = AppStore|x64
		AppStore|x86 = AppStore|x86
		Debug|Any CPU = Debug|Any CPU
		Debug|ARM = Debug|ARM
		Debug|iPhone = Debug|iPhone
		Debug|iPhoneSimulator = Debug|iPhoneSimulator
		Debug|x64 = Debug|x64
		Debug|x86 = Debug|x86
		Release|Any CPU = Release|Any CPU
		Release|ARM = Release|ARM
		Release|iPhone = Release|iPhone
		Release|iPhoneSimulator = Release|iPhoneSimulator
		Release|x64 = Release|x64
		Release|x86 = Release|x86
	EndGlobalSection
	GlobalSection(ProjectConfigurationPlatforms) = postSolution
		{35F73C21-D794-43DB-8624-B747B9DE9086}.Ad-Hoc|Any CPU.ActiveCfg = Release|Any CPU
		{35F73C21-D794-43DB-8624-B747B9DE9086}.Ad-Hoc|Any CPU.Build.0 = Release|Any CPU
		{35F73C21-D794-43DB-8624-B747B9DE9086}.Ad-Hoc|Any CPU.Deploy.0 = Release|Any CPU
		{35F73C21-D794-43DB-8624-B747B9DE9086}.Ad-Hoc|ARM.ActiveCfg = Release|Any CPU
		{35F73C21-D794-43DB-8624-B747B9DE9086}.Ad-Hoc|ARM.Build.0 = Release|Any CPU
		{35F73C21-D794-43DB-8624-B747B9DE9086}.Ad-Hoc|ARM.Deploy.0 = Release|Any CPU
		{35F73C21-D794-43DB-8624-B747B9DE9086}.Ad-Hoc|iPhone.ActiveCfg = Release|Any CPU
		{35F73C21-D794-43DB-8624-B747B9DE9086}.Ad-Hoc|iPhone.Build.0 = Release|Any CPU
		{35F73C21-D794-43DB-8624-B747B9DE9086}.Ad-Hoc|iPhone.Deploy.0 = Release|Any CPU
		{35F73C21-D794-43DB-8624-B747B9DE9086}.Ad-Hoc|iPhoneSimulator.ActiveCfg = Release|Any CPU
		{35F73C21-D794-43DB-8624-B747B9DE9086}.Ad-Hoc|iPhoneSimulator.Build.0 = Release|Any CPU
		{35F73C21-D794-43DB-8624-B747B9DE9086}.Ad-Hoc|iPhoneSimulator.Deploy.0 = Release|Any CPU
		{35F73C21-D794-43DB-8624-B747B9DE9086}.Ad-Hoc|x64.ActiveCfg = Release|Any CPU
		{35F73C21-D794-43DB-8624-B747B9DE9086}.Ad-Hoc|x64.Build.0 = Release|Any CPU
		{35F73C21-D794-43DB-8624-B747B9DE9086}.Ad-Hoc|x64.Deploy.0 = Release|Any CPU
		{35F73C21-D794-43DB-8624-B747B9DE9086}.Ad-Hoc|x86.ActiveCfg = Release|Any CPU
		{35F73C21-D794-43DB-8624-B747B9DE9086}.Ad-Hoc|x86.Build.0 = Release|Any CPU
		{35F73C21-D794-43DB-8624-B747B9DE9086}.Ad-Hoc|x86.Deploy.0 = Release|Any CPU
		{35F73C21-D794-43DB-8624-B747B9DE9086}.AppStore|Any CPU.ActiveCfg = Release|Any CPU
		{35F73C21-D794-43DB-8624-B747B9DE9086}.AppStore|Any CPU.Build.0 = Release|Any CPU
		{35F73C21-D794-43DB-8624-B747B9DE9086}.AppStore|Any CPU.Deploy.0 = Release|Any CPU
		{35F73C21-D794-43DB-8624-B747B9DE9086}.AppStore|ARM.ActiveCfg = Release|Any CPU
		{35F73C21-D794-43DB-8624-B747B9DE9086}.AppStore|ARM.Build.0 = Release|Any CPU
		{35F73C21-D794-43DB-8624-B747B9DE9086}.AppStore|ARM.Deploy.0 = Release|Any CPU
		{35F73C21-D794-43DB-8624-B747B9DE9086}.AppStore|iPhone.ActiveCfg = Release|Any CPU
		{35F73C21-D794-43DB-8624-B747B9DE9086}.AppStore|iPhone.Build.0 = Release|Any CPU
		{35F73C21-D794-43DB-8624-B747B9DE9086}.AppStore|iPhone.Deploy.0 = Release|Any CPU
		{35F73C21-D794-43DB-8624-B747B9DE9086}.AppStore|iPhoneSimulator.ActiveCfg = Release|Any CPU
		{35F73C21-D794-43DB-8624-B747B9DE9086}.AppStore|iPhoneSimulator.Build.0 = Release|Any CPU
		{35F73C21-D794-43DB-8624-B747B9DE9086}.AppStore|iPhoneSimulator.Deploy.0 = Release|Any CPU
		{35F73C21-D794-43DB-8624-B747B9DE9086}.AppStore|x64.ActiveCfg = Release|Any CPU
		{35F73C21-D794-43DB-8624-B747B9DE9086}.AppStore|x64.Build.0 = Release|Any CPU
		{35F73C21-D794-43DB-8624-B747B9DE9086}.AppStore|x64.Deploy.0 = Release|Any CPU
		{35F73C21-D794-43DB-8624-B747B9DE9086}.AppStore|x86.ActiveCfg = Release|Any CPU
		{35F73C21-D794-43DB-8624-B747B9DE9086}.AppStore|x86.Build.0 = Release|Any CPU
		{35F73C21-D794-43DB-8624-B747B9DE9086}.AppStore|x86.Deploy.0 = Release|Any CPU
		{35F73C21-D794-43DB-8624-B747B9DE9086}.Debug|Any CPU.ActiveCfg = Debug|Any CPU
		{35F73C21-D794-43DB-8624-B747B9DE9086}.Debug|Any CPU.Build.0 = Debug|Any CPU
		{35F73C21-D794-43DB-8624-B747B9DE9086}.Debug|Any CPU.Deploy.0 = Debug|Any CPU
		{35F73C21-D794-43DB-8624-B747B9DE9086}.Debug|ARM.ActiveCfg = Debug|Any CPU
		{35F73C21-D794-43DB-8624-B747B9DE9086}.Debug|ARM.Build.0 = Debug|Any CPU
		{35F73C21-D794-43DB-8624-B747B9DE9086}.Debug|ARM.Deploy.0 = Debug|Any CPU
		{35F73C21-D794-43DB-8624-B747B9DE9086}.Debug|iPhone.ActiveCfg = Debug|Any CPU
		{35F73C21-D794-43DB-8624-B747B9DE9086}.Debug|iPhone.Build.0 = Debug|Any CPU
		{35F73C21-D794-43DB-8624-B747B9DE9086}.Debug|iPhone.Deploy.0 = Debug|Any CPU
		{35F73C21-D794-43DB-8624-B747B9DE9086}.Debug|iPhoneSimulator.ActiveCfg = Debug|Any CPU
		{35F73C21-D794-43DB-8624-B747B9DE9086}.Debug|iPhoneSimulator.Build.0 = Debug|Any CPU
		{35F73C21-D794-43DB-8624-B747B9DE9086}.Debug|iPhoneSimulator.Deploy.0 = Debug|Any CPU
		{35F73C21-D794-43DB-8624-B747B9DE9086}.Debug|x64.ActiveCfg = Debug|Any CPU
		{35F73C21-D794-43DB-8624-B747B9DE9086}.Debug|x64.Build.0 = Debug|Any CPU
		{35F73C21-D794-43DB-8624-B747B9DE9086}.Debug|x64.Deploy.0 = Debug|Any CPU
		{35F73C21-D794-43DB-8624-B747B9DE9086}.Debug|x86.ActiveCfg = Debug|Any CPU
		{35F73C21-D794-43DB-8624-B747B9DE9086}.Debug|x86.Build.0 = Debug|Any CPU
		{35F73C21-D794-43DB-8624-B747B9DE9086}.Debug|x86.Deploy.0 = Debug|Any CPU
		{35F73C21-D794-43DB-8624-B747B9DE9086}.Release|Any CPU.ActiveCfg = Release|Any CPU
		{35F73C21-D794-43DB-8624-B747B9DE9086}.Release|Any CPU.Build.0 = Release|Any CPU
		{35F73C21-D794-43DB-8624-B747B9DE9086}.Release|Any CPU.Deploy.0 = Release|Any CPU
		{35F73C21-D794-43DB-8624-B747B9DE9086}.Release|ARM.ActiveCfg = Release|Any CPU
		{35F73C21-D794-43DB-8624-B747B9DE9086}.Release|ARM.Build.0 = Release|Any CPU
		{35F73C21-D794-43DB-8624-B747B9DE9086}.Release|ARM.Deploy.0 = Release|Any CPU
		{35F73C21-D794-43DB-8624-B747B9DE9086}.Release|iPhone.ActiveCfg = Release|Any CPU
		{35F73C21-D794-43DB-8624-B747B9DE9086}.Release|iPhone.Build.0 = Release|Any CPU
		{35F73C21-D794-43DB-8624-B747B9DE9086}.Release|iPhone.Deploy.0 = Release|Any CPU
		{35F73C21-D794-43DB-8624-B747B9DE9086}.Release|iPhoneSimulator.ActiveCfg = Release|Any CPU
		{35F73C21-D794-43DB-8624-B747B9DE9086}.Release|iPhoneSimulator.Build.0 = Release|Any CPU
		{35F73C21-D794-43DB-8624-B747B9DE9086}.Release|iPhoneSimulator.Deploy.0 = Release|Any CPU
		{35F73C21-D794-43DB-8624-B747B9DE9086}.Release|x64.ActiveCfg = Release|Any CPU
		{35F73C21-D794-43DB-8624-B747B9DE9086}.Release|x64.Build.0 = Release|Any CPU
		{35F73C21-D794-43DB-8624-B747B9DE9086}.Release|x64.Deploy.0 = Release|Any CPU
		{35F73C21-D794-43DB-8624-B747B9DE9086}.Release|x86.ActiveCfg = Release|Any CPU
		{35F73C21-D794-43DB-8624-B747B9DE9086}.Release|x86.Build.0 = Release|Any CPU
		{35F73C21-D794-43DB-8624-B747B9DE9086}.Release|x86.Deploy.0 = Release|Any CPU
		{88A49FE5-920E-4E64-9B45-4C354855244B}.Ad-Hoc|Any CPU.ActiveCfg = Ad-Hoc|iPhone
		{88A49FE5-920E-4E64-9B45-4C354855244B}.Ad-Hoc|ARM.ActiveCfg = Ad-Hoc|iPhone
		{88A49FE5-920E-4E64-9B45-4C354855244B}.Ad-Hoc|iPhone.ActiveCfg = Ad-Hoc|iPhone
		{88A49FE5-920E-4E64-9B45-4C354855244B}.Ad-Hoc|iPhone.Build.0 = Ad-Hoc|iPhone
		{88A49FE5-920E-4E64-9B45-4C354855244B}.Ad-Hoc|iPhoneSimulator.ActiveCfg = Ad-Hoc|iPhoneSimulator
		{88A49FE5-920E-4E64-9B45-4C354855244B}.Ad-Hoc|iPhoneSimulator.Build.0 = Ad-Hoc|iPhoneSimulator
		{88A49FE5-920E-4E64-9B45-4C354855244B}.Ad-Hoc|x64.ActiveCfg = Ad-Hoc|iPhone
		{88A49FE5-920E-4E64-9B45-4C354855244B}.Ad-Hoc|x86.ActiveCfg = Ad-Hoc|iPhone
		{88A49FE5-920E-4E64-9B45-4C354855244B}.AppStore|Any CPU.ActiveCfg = AppStore|iPhone
		{88A49FE5-920E-4E64-9B45-4C354855244B}.AppStore|ARM.ActiveCfg = AppStore|iPhone
		{88A49FE5-920E-4E64-9B45-4C354855244B}.AppStore|iPhone.ActiveCfg = AppStore|iPhone
		{88A49FE5-920E-4E64-9B45-4C354855244B}.AppStore|iPhone.Build.0 = AppStore|iPhone
		{88A49FE5-920E-4E64-9B45-4C354855244B}.AppStore|iPhoneSimulator.ActiveCfg = AppStore|iPhoneSimulator
		{88A49FE5-920E-4E64-9B45-4C354855244B}.AppStore|iPhoneSimulator.Build.0 = AppStore|iPhoneSimulator
		{88A49FE5-920E-4E64-9B45-4C354855244B}.AppStore|x64.ActiveCfg = AppStore|iPhone
		{88A49FE5-920E-4E64-9B45-4C354855244B}.AppStore|x86.ActiveCfg = AppStore|iPhone
		{88A49FE5-920E-4E64-9B45-4C354855244B}.Debug|Any CPU.ActiveCfg = Debug|iPhone
		{88A49FE5-920E-4E64-9B45-4C354855244B}.Debug|ARM.ActiveCfg = Debug|iPhone
		{88A49FE5-920E-4E64-9B45-4C354855244B}.Debug|iPhone.ActiveCfg = Debug|iPhone
		{88A49FE5-920E-4E64-9B45-4C354855244B}.Debug|iPhone.Build.0 = Debug|iPhone
		{88A49FE5-920E-4E64-9B45-4C354855244B}.Debug|iPhoneSimulator.ActiveCfg = Debug|iPhoneSimulator
		{88A49FE5-920E-4E64-9B45-4C354855244B}.Debug|iPhoneSimulator.Build.0 = Debug|iPhoneSimulator
		{88A49FE5-920E-4E64-9B45-4C354855244B}.Debug|x64.ActiveCfg = Debug|iPhone
		{88A49FE5-920E-4E64-9B45-4C354855244B}.Debug|x86.ActiveCfg = Debug|iPhone
		{88A49FE5-920E-4E64-9B45-4C354855244B}.Release|Any CPU.ActiveCfg = Release|iPhone
		{88A49FE5-920E-4E64-9B45-4C354855244B}.Release|ARM.ActiveCfg = Release|iPhone
		{88A49FE5-920E-4E64-9B45-4C354855244B}.Release|iPhone.ActiveCfg = Release|iPhone
		{88A49FE5-920E-4E64-9B45-4C354855244B}.Release|iPhone.Build.0 = Release|iPhone
		{88A49FE5-920E-4E64-9B45-4C354855244B}.Release|iPhoneSimulator.ActiveCfg = Release|iPhoneSimulator
		{88A49FE5-920E-4E64-9B45-4C354855244B}.Release|iPhoneSimulator.Build.0 = Release|iPhoneSimulator
		{88A49FE5-920E-4E64-9B45-4C354855244B}.Release|x64.ActiveCfg = Release|iPhone
		{88A49FE5-920E-4E64-9B45-4C354855244B}.Release|x86.ActiveCfg = Release|iPhone
		{3192F9D5-B987-4274-97B1-939626333C1E}.Ad-Hoc|Any CPU.ActiveCfg = Release|x64
		{3192F9D5-B987-4274-97B1-939626333C1E}.Ad-Hoc|Any CPU.Build.0 = Release|x64
		{3192F9D5-B987-4274-97B1-939626333C1E}.Ad-Hoc|Any CPU.Deploy.0 = Release|x64
		{3192F9D5-B987-4274-97B1-939626333C1E}.Ad-Hoc|ARM.ActiveCfg = Release|ARM
		{3192F9D5-B987-4274-97B1-939626333C1E}.Ad-Hoc|ARM.Build.0 = Release|ARM
		{3192F9D5-B987-4274-97B1-939626333C1E}.Ad-Hoc|ARM.Deploy.0 = Release|ARM
		{3192F9D5-B987-4274-97B1-939626333C1E}.Ad-Hoc|iPhone.ActiveCfg = Release|x64
		{3192F9D5-B987-4274-97B1-939626333C1E}.Ad-Hoc|iPhone.Build.0 = Release|x64
		{3192F9D5-B987-4274-97B1-939626333C1E}.Ad-Hoc|iPhone.Deploy.0 = Release|x64
		{3192F9D5-B987-4274-97B1-939626333C1E}.Ad-Hoc|iPhoneSimulator.ActiveCfg = Release|x64
		{3192F9D5-B987-4274-97B1-939626333C1E}.Ad-Hoc|iPhoneSimulator.Build.0 = Release|x64
		{3192F9D5-B987-4274-97B1-939626333C1E}.Ad-Hoc|iPhoneSimulator.Deploy.0 = Release|x64
		{3192F9D5-B987-4274-97B1-939626333C1E}.Ad-Hoc|x64.ActiveCfg = Release|x64
		{3192F9D5-B987-4274-97B1-939626333C1E}.Ad-Hoc|x64.Build.0 = Release|x64
		{3192F9D5-B987-4274-97B1-939626333C1E}.Ad-Hoc|x64.Deploy.0 = Release|x64
		{3192F9D5-B987-4274-97B1-939626333C1E}.Ad-Hoc|x86.ActiveCfg = Release|x86
		{3192F9D5-B987-4274-97B1-939626333C1E}.Ad-Hoc|x86.Build.0 = Release|x86
		{3192F9D5-B987-4274-97B1-939626333C1E}.Ad-Hoc|x86.Deploy.0 = Release|x86
		{3192F9D5-B987-4274-97B1-939626333C1E}.AppStore|Any CPU.ActiveCfg = Release|x64
		{3192F9D5-B987-4274-97B1-939626333C1E}.AppStore|Any CPU.Build.0 = Release|x64
		{3192F9D5-B987-4274-97B1-939626333C1E}.AppStore|Any CPU.Deploy.0 = Release|x64
		{3192F9D5-B987-4274-97B1-939626333C1E}.AppStore|ARM.ActiveCfg = Release|ARM
		{3192F9D5-B987-4274-97B1-939626333C1E}.AppStore|ARM.Build.0 = Release|ARM
		{3192F9D5-B987-4274-97B1-939626333C1E}.AppStore|ARM.Deploy.0 = Release|ARM
		{3192F9D5-B987-4274-97B1-939626333C1E}.AppStore|iPhone.ActiveCfg = Release|x64
		{3192F9D5-B987-4274-97B1-939626333C1E}.AppStore|iPhone.Build.0 = Release|x64
		{3192F9D5-B987-4274-97B1-939626333C1E}.AppStore|iPhone.Deploy.0 = Release|x64
		{3192F9D5-B987-4274-97B1-939626333C1E}.AppStore|iPhoneSimulator.ActiveCfg = Release|x64
		{3192F9D5-B987-4274-97B1-939626333C1E}.AppStore|iPhoneSimulator.Build.0 = Release|x64
		{3192F9D5-B987-4274-97B1-939626333C1E}.AppStore|iPhoneSimulator.Deploy.0 = Release|x64
		{3192F9D5-B987-4274-97B1-939626333C1E}.AppStore|x64.ActiveCfg = Release|x64
		{3192F9D5-B987-4274-97B1-939626333C1E}.AppStore|x64.Build.0 = Release|x64
		{3192F9D5-B987-4274-97B1-939626333C1E}.AppStore|x64.Deploy.0 = Release|x64
		{3192F9D5-B987-4274-97B1-939626333C1E}.AppStore|x86.ActiveCfg = Release|x86
		{3192F9D5-B987-4274-97B1-939626333C1E}.AppStore|x86.Build.0 = Release|x86
		{3192F9D5-B987-4274-97B1-939626333C1E}.AppStore|x86.Deploy.0 = Release|x86
		{3192F9D5-B987-4274-97B1-939626333C1E}.Debug|Any CPU.ActiveCfg = Debug|x86
		{3192F9D5-B987-4274-97B1-939626333C1E}.Debug|ARM.ActiveCfg = Debug|ARM
		{3192F9D5-B987-4274-97B1-939626333C1E}.Debug|ARM.Build.0 = Debug|ARM
		{3192F9D5-B987-4274-97B1-939626333C1E}.Debug|ARM.Deploy.0 = Debug|ARM
		{3192F9D5-B987-4274-97B1-939626333C1E}.Debug|iPhone.ActiveCfg = Debug|x86
		{3192F9D5-B987-4274-97B1-939626333C1E}.Debug|iPhoneSimulator.ActiveCfg = Debug|x86
		{3192F9D5-B987-4274-97B1-939626333C1E}.Debug|x64.ActiveCfg = Debug|x64
		{3192F9D5-B987-4274-97B1-939626333C1E}.Debug|x64.Build.0 = Debug|x64
		{3192F9D5-B987-4274-97B1-939626333C1E}.Debug|x64.Deploy.0 = Debug|x64
		{3192F9D5-B987-4274-97B1-939626333C1E}.Debug|x86.ActiveCfg = Debug|x86
		{3192F9D5-B987-4274-97B1-939626333C1E}.Debug|x86.Build.0 = Debug|x86
		{3192F9D5-B987-4274-97B1-939626333C1E}.Debug|x86.Deploy.0 = Debug|x86
		{3192F9D5-B987-4274-97B1-939626333C1E}.Release|Any CPU.ActiveCfg = Release|x86
		{3192F9D5-B987-4274-97B1-939626333C1E}.Release|ARM.ActiveCfg = Release|ARM
		{3192F9D5-B987-4274-97B1-939626333C1E}.Release|ARM.Build.0 = Release|ARM
		{3192F9D5-B987-4274-97B1-939626333C1E}.Release|ARM.Deploy.0 = Release|ARM
		{3192F9D5-B987-4274-97B1-939626333C1E}.Release|iPhone.ActiveCfg = Release|x86
		{3192F9D5-B987-4274-97B1-939626333C1E}.Release|iPhoneSimulator.ActiveCfg = Release|x86
		{3192F9D5-B987-4274-97B1-939626333C1E}.Release|x64.ActiveCfg = Release|x64
		{3192F9D5-B987-4274-97B1-939626333C1E}.Release|x64.Build.0 = Release|x64
		{3192F9D5-B987-4274-97B1-939626333C1E}.Release|x64.Deploy.0 = Release|x64
		{3192F9D5-B987-4274-97B1-939626333C1E}.Release|x86.ActiveCfg = Release|x86
		{3192F9D5-B987-4274-97B1-939626333C1E}.Release|x86.Build.0 = Release|x86
		{3192F9D5-B987-4274-97B1-939626333C1E}.Release|x86.Deploy.0 = Release|x86
		{A649A449-3894-4327-8FB9-FABD845FDD28}.Ad-Hoc|Any CPU.ActiveCfg = Debug|Any CPU
		{A649A449-3894-4327-8FB9-FABD845FDD28}.Ad-Hoc|Any CPU.Build.0 = Debug|Any CPU
		{A649A449-3894-4327-8FB9-FABD845FDD28}.Ad-Hoc|ARM.ActiveCfg = Debug|Any CPU
		{A649A449-3894-4327-8FB9-FABD845FDD28}.Ad-Hoc|ARM.Build.0 = Debug|Any CPU
		{A649A449-3894-4327-8FB9-FABD845FDD28}.Ad-Hoc|iPhone.ActiveCfg = Debug|Any CPU
		{A649A449-3894-4327-8FB9-FABD845FDD28}.Ad-Hoc|iPhone.Build.0 = Debug|Any CPU
		{A649A449-3894-4327-8FB9-FABD845FDD28}.Ad-Hoc|iPhoneSimulator.ActiveCfg = Debug|Any CPU
		{A649A449-3894-4327-8FB9-FABD845FDD28}.Ad-Hoc|iPhoneSimulator.Build.0 = Debug|Any CPU
		{A649A449-3894-4327-8FB9-FABD845FDD28}.Ad-Hoc|x64.ActiveCfg = Debug|Any CPU
		{A649A449-3894-4327-8FB9-FABD845FDD28}.Ad-Hoc|x64.Build.0 = Debug|Any CPU
		{A649A449-3894-4327-8FB9-FABD845FDD28}.Ad-Hoc|x86.ActiveCfg = Debug|Any CPU
		{A649A449-3894-4327-8FB9-FABD845FDD28}.Ad-Hoc|x86.Build.0 = Debug|Any CPU
		{A649A449-3894-4327-8FB9-FABD845FDD28}.AppStore|Any CPU.ActiveCfg = Debug|Any CPU
		{A649A449-3894-4327-8FB9-FABD845FDD28}.AppStore|Any CPU.Build.0 = Debug|Any CPU
		{A649A449-3894-4327-8FB9-FABD845FDD28}.AppStore|ARM.ActiveCfg = Debug|Any CPU
		{A649A449-3894-4327-8FB9-FABD845FDD28}.AppStore|ARM.Build.0 = Debug|Any CPU
		{A649A449-3894-4327-8FB9-FABD845FDD28}.AppStore|iPhone.ActiveCfg = Debug|Any CPU
		{A649A449-3894-4327-8FB9-FABD845FDD28}.AppStore|iPhone.Build.0 = Debug|Any CPU
		{A649A449-3894-4327-8FB9-FABD845FDD28}.AppStore|iPhoneSimulator.ActiveCfg = Debug|Any CPU
		{A649A449-3894-4327-8FB9-FABD845FDD28}.AppStore|iPhoneSimulator.Build.0 = Debug|Any CPU
		{A649A449-3894-4327-8FB9-FABD845FDD28}.AppStore|x64.ActiveCfg = Debug|Any CPU
		{A649A449-3894-4327-8FB9-FABD845FDD28}.AppStore|x64.Build.0 = Debug|Any CPU
		{A649A449-3894-4327-8FB9-FABD845FDD28}.AppStore|x86.ActiveCfg = Debug|Any CPU
		{A649A449-3894-4327-8FB9-FABD845FDD28}.AppStore|x86.Build.0 = Debug|Any CPU
		{A649A449-3894-4327-8FB9-FABD845FDD28}.Debug|Any CPU.ActiveCfg = Debug|Any CPU
		{A649A449-3894-4327-8FB9-FABD845FDD28}.Debug|Any CPU.Build.0 = Debug|Any CPU
		{A649A449-3894-4327-8FB9-FABD845FDD28}.Debug|ARM.ActiveCfg = Debug|Any CPU
		{A649A449-3894-4327-8FB9-FABD845FDD28}.Debug|ARM.Build.0 = Debug|Any CPU
		{A649A449-3894-4327-8FB9-FABD845FDD28}.Debug|iPhone.ActiveCfg = Debug|Any CPU
		{A649A449-3894-4327-8FB9-FABD845FDD28}.Debug|iPhone.Build.0 = Debug|Any CPU
		{A649A449-3894-4327-8FB9-FABD845FDD28}.Debug|iPhoneSimulator.ActiveCfg = Debug|Any CPU
		{A649A449-3894-4327-8FB9-FABD845FDD28}.Debug|iPhoneSimulator.Build.0 = Debug|Any CPU
		{A649A449-3894-4327-8FB9-FABD845FDD28}.Debug|x64.ActiveCfg = Debug|Any CPU
		{A649A449-3894-4327-8FB9-FABD845FDD28}.Debug|x64.Build.0 = Debug|Any CPU
		{A649A449-3894-4327-8FB9-FABD845FDD28}.Debug|x86.ActiveCfg = Debug|Any CPU
		{A649A449-3894-4327-8FB9-FABD845FDD28}.Debug|x86.Build.0 = Debug|Any CPU
		{A649A449-3894-4327-8FB9-FABD845FDD28}.Release|Any CPU.ActiveCfg = Release|Any CPU
		{A649A449-3894-4327-8FB9-FABD845FDD28}.Release|Any CPU.Build.0 = Release|Any CPU
		{A649A449-3894-4327-8FB9-FABD845FDD28}.Release|ARM.ActiveCfg = Release|Any CPU
		{A649A449-3894-4327-8FB9-FABD845FDD28}.Release|ARM.Build.0 = Release|Any CPU
		{A649A449-3894-4327-8FB9-FABD845FDD28}.Release|iPhone.ActiveCfg = Release|Any CPU
		{A649A449-3894-4327-8FB9-FABD845FDD28}.Release|iPhone.Build.0 = Release|Any CPU
		{A649A449-3894-4327-8FB9-FABD845FDD28}.Release|iPhoneSimulator.ActiveCfg = Release|Any CPU
		{A649A449-3894-4327-8FB9-FABD845FDD28}.Release|iPhoneSimulator.Build.0 = Release|Any CPU
		{A649A449-3894-4327-8FB9-FABD845FDD28}.Release|x64.ActiveCfg = Release|Any CPU
		{A649A449-3894-4327-8FB9-FABD845FDD28}.Release|x64.Build.0 = Release|Any CPU
		{A649A449-3894-4327-8FB9-FABD845FDD28}.Release|x86.ActiveCfg = Release|Any CPU
		{A649A449-3894-4327-8FB9-FABD845FDD28}.Release|x86.Build.0 = Release|Any CPU
	EndGlobalSection
	GlobalSection(SolutionProperties) = preSolution
		HideSolutionNode = FALSE
	EndGlobalSection
	GlobalSection(ExtensibilityGlobals) = postSolution
		SolutionGuid = {9F955C9C-912C-455B-BBA0-AC4DE704F962}
	EndGlobalSection
EndGlobal
